
Microsoft Visual Studio Solution File, Format Version 12.00
# Visual Studio Version 16
VisualStudioVersion = 16.0.30907.101
MinimumVisualStudioVersion = 10.0.40219.1
Project("{FAE04EC0-301F-11D3-BF4B-00C04F79EFBC}") = "Project_06", "Project_06.csproj", "{F5DA74C7-689F-4F0F-BF0F-6D18D2E6DC9D}"
EndProject
Global
	GlobalSection(SolutionConfigurationPlatforms) = preSolution
		Debug|Any CPU = Debug|Any CPU
		Release|Any CPU = Release|Any CPU
	EndGlobalSection
	GlobalSection(ProjectConfigurationPlatforms) = postSolution
		{F5DA74C7-689F-4F0F-BF0F-6D18D2E6DC9D}.Debug|Any CPU.ActiveCfg = Debug|Any CPU
		{F5DA74C7-689F-4F0F-BF0F-6D18D2E6DC9D}.Debug|Any CPU.Build.0 = Debug|Any CPU
		{F5DA74C7-689F-4F0F-BF0F-6D18D2E6DC9D}.Release|Any CPU.ActiveCfg = Release|Any CPU
		{F5DA74C7-689F-4F0F-BF0F-6D18D2E6DC9D}.Release|Any CPU.Build.0 = Release|Any CPU
	EndGlobalSection
	GlobalSection(SolutionProperties) = preSolution
		HideSolutionNode = FALSE
	EndGlobalSection
	GlobalSection(ExtensibilityGlobals) = postSolution
		SolutionGuid = {B4ADD658-D787-4DCD-9461-FE3019C551C6}
	EndGlobalSection
EndGlobal
